
Microsoft Visual Studio Solution File, Format Version 12.00
# Visual Studio 15
Project("{FAE04EC0-301F-11D3-BF4B-00C04F79EFBC}") = "Assembly-CSharp", "Assembly-CSharp.csproj", "{D018D790-A76D-47E2-9D68-193E7D0C20B9}"
EndProject
Project("{FAE04EC0-301F-11D3-BF4B-00C04F79EFBC}") = "Assembly-CSharp-firstpass", "Assembly-CSharp-firstpass.csproj", "{FD7FB32E-2C11-9D25-FFDC-4B7AD3186FDB}"
EndProject
Global
	GlobalSection(SolutionConfigurationPlatforms) = preSolution
		Debug|Any CPU = Debug|Any CPU
		Release|Any CPU = Release|Any CPU
	EndGlobalSection
	GlobalSection(ProjectConfigurationPlatforms) = postSolution
		{D018D790-A76D-47E2-9D68-193E7D0C20B9}.Debug|Any CPU.ActiveCfg = Debug|Any CPU
		{D018D790-A76D-47E2-9D68-193E7D0C20B9}.Debug|Any CPU.Build.0 = Debug|Any CPU
		{D018D790-A76D-47E2-9D68-193E7D0C20B9}.Release|Any CPU.ActiveCfg = Release|Any CPU
		{D018D790-A76D-47E2-9D68-193E7D0C20B9}.Release|Any CPU.Build.0 = Release|Any CPU
		{FD7FB32E-2C11-9D25-FFDC-4B7AD3186FDB}.Debug|Any CPU.ActiveCfg = Debug|Any CPU
		{FD7FB32E-2C11-9D25-FFDC-4B7AD3186FDB}.Debug|Any CPU.Build.0 = Debug|Any CPU
		{FD7FB32E-2C11-9D25-FFDC-4B7AD3186FDB}.Release|Any CPU.ActiveCfg = Release|Any CPU
		{FD7FB32E-2C11-9D25-FFDC-4B7AD3186FDB}.Release|Any CPU.Build.0 = Release|Any CPU
	EndGlobalSection
	GlobalSection(SolutionProperties) = preSolution
		HideSolutionNode = FALSE
	EndGlobalSection
EndGlobal
