
Microsoft Visual Studio Solution File, Format Version 12.00
# Visual Studio 15
Project("{FAE04EC0-301F-11D3-BF4B-00C04F79EFBC}") = "Assembly-CSharp", "Assembly-CSharp.csproj", "{65B41871-DA51-AD6A-C9CA-23A907520800}"
EndProject
Project("{FAE04EC0-301F-11D3-BF4B-00C04F79EFBC}") = "Assembly-CSharp-firstpass", "Assembly-CSharp-firstpass.csproj", "{92EC5BF5-4652-937C-98BE-6B1DAB1EE1F6}"
EndProject
Global
	GlobalSection(SolutionConfigurationPlatforms) = preSolution
		Debug|Any CPU = Debug|Any CPU
		Release|Any CPU = Release|Any CPU
	EndGlobalSection
	GlobalSection(ProjectConfigurationPlatforms) = postSolution
		{65B41871-DA51-AD6A-C9CA-23A907520800}.Debug|Any CPU.ActiveCfg = Debug|Any CPU
		{65B41871-DA51-AD6A-C9CA-23A907520800}.Debug|Any CPU.Build.0 = Debug|Any CPU
		{65B41871-DA51-AD6A-C9CA-23A907520800}.Release|Any CPU.ActiveCfg = Release|Any CPU
		{65B41871-DA51-AD6A-C9CA-23A907520800}.Release|Any CPU.Build.0 = Release|Any CPU
		{92EC5BF5-4652-937C-98BE-6B1DAB1EE1F6}.Debug|Any CPU.ActiveCfg = Debug|Any CPU
		{92EC5BF5-4652-937C-98BE-6B1DAB1EE1F6}.Debug|Any CPU.Build.0 = Debug|Any CPU
		{92EC5BF5-4652-937C-98BE-6B1DAB1EE1F6}.Release|Any CPU.ActiveCfg = Release|Any CPU
		{92EC5BF5-4652-937C-98BE-6B1DAB1EE1F6}.Release|Any CPU.Build.0 = Release|Any CPU
	EndGlobalSection
	GlobalSection(SolutionProperties) = preSolution
		HideSolutionNode = FALSE
	EndGlobalSection
EndGlobal
