
Microsoft Visual Studio Solution File, Format Version 12.00
# Visual Studio 15
Project("{FAE04EC0-301F-11D3-BF4B-00C04F79EFBC}") = "Assembly-CSharp", "Assembly-CSharp.csproj", "{7E018320-0CD9-84F2-DF99-F756CDEAE22D}"
EndProject
Project("{FAE04EC0-301F-11D3-BF4B-00C04F79EFBC}") = "Assembly-CSharp-firstpass", "Assembly-CSharp-firstpass.csproj", "{6D59C474-130D-77B3-3F20-742A50D73C84}"
EndProject
Global
	GlobalSection(SolutionConfigurationPlatforms) = preSolution
		Debug|Any CPU = Debug|Any CPU
		Release|Any CPU = Release|Any CPU
	EndGlobalSection
	GlobalSection(ProjectConfigurationPlatforms) = postSolution
		{7E018320-0CD9-84F2-DF99-F756CDEAE22D}.Debug|Any CPU.ActiveCfg = Debug|Any CPU
		{7E018320-0CD9-84F2-DF99-F756CDEAE22D}.Debug|Any CPU.Build.0 = Debug|Any CPU
		{7E018320-0CD9-84F2-DF99-F756CDEAE22D}.Release|Any CPU.ActiveCfg = Release|Any CPU
		{7E018320-0CD9-84F2-DF99-F756CDEAE22D}.Release|Any CPU.Build.0 = Release|Any CPU
		{6D59C474-130D-77B3-3F20-742A50D73C84}.Debug|Any CPU.ActiveCfg = Debug|Any CPU
		{6D59C474-130D-77B3-3F20-742A50D73C84}.Debug|Any CPU.Build.0 = Debug|Any CPU
		{6D59C474-130D-77B3-3F20-742A50D73C84}.Release|Any CPU.ActiveCfg = Release|Any CPU
		{6D59C474-130D-77B3-3F20-742A50D73C84}.Release|Any CPU.Build.0 = Release|Any CPU
	EndGlobalSection
	GlobalSection(SolutionProperties) = preSolution
		HideSolutionNode = FALSE
	EndGlobalSection
EndGlobal
